{
    "_readme": [
        "This file locks the dependencies of your project to a known state",
        "Read more about it at https://getcomposer.org/doc/01-basic-usage.md#installing-dependencies",
        "This file is @generated automatically"
    ],
    "content-hash": "f43876ff29820b4dcdd3e69ab151c1ef",
    "packages": [
        {
            "name": "adibenc/mapplic-php",
            "version": "dev-main",
            "source": {
                "type": "git",
                "url": "https://github.com/adibenc/mapplic-php.git",
                "reference": "77ffc9ac3aad9e5e92a46a6a65ec8d11e55b3f62"
            },
            "dist": {
                "type": "zip",
                "url": "https://api.github.com/repos/adibenc/mapplic-php/zipball/77ffc9ac3aad9e5e92a46a6a65ec8d11e55b3f62",
                "reference": "77ffc9ac3aad9e5e92a46a6a65ec8d11e55b3f62",
                "shasum": ""
            },
            "default-branch": true,
            "type": "library",
            "autoload": {
                "psr-4": {
                    "Adibenc\\Mapplic\\": "src/"
                }
            },
            "notification-url": "https://packagist.org/downloads/",
            "license": [
                "MIT"
            ],
            "authors": [
                {
                    "name": "M Adib zamzam",
                    "email": "adib35785@mail.ru"
                }
            ],
            "description": "A mapplic js lib for php",
            "support": {
                "issues": "https://github.com/adibenc/mapplic-php/issues",
                "source": "https://github.com/adibenc/mapplic-php/tree/main"
            },
            "time": "2023-02-07T07:12:06+00:00"
        },
        {
            "name": "melbahja/seo",
            "version": "v2.1.1",
            "source": {
                "type": "git",
                "url": "https://github.com/melbahja/seo.git",
                "reference": "22b0b3273bf9c8867cadf018e4daa3e426525929"
            },
            "dist": {
                "type": "zip",
                "url": "https://api.github.com/repos/melbahja/seo/zipball/22b0b3273bf9c8867cadf018e4daa3e426525929",
                "reference": "22b0b3273bf9c8867cadf018e4daa3e426525929",
                "shasum": ""
            },
            "require": {
                "ext-curl": "*",
                "ext-json": "*",
                "ext-xml": "*",
                "php": ">=7.2"
            },
            "require-dev": {
                "phpunit/phpunit": "^8.5"
            },
            "type": "library",
            "autoload": {
                "psr-4": {
                    "Melbahja\\Seo\\": "src/"
                }
            },
            "notification-url": "https://packagist.org/downloads/",
            "license": [
                "MIT"
            ],
            "authors": [
                {
                    "name": "Mohamed ELbahja",
                    "email": "mohamed@elbahja.me",
                    "homepage": "https://elbahja.me",
                    "role": "Developer"
                }
            ],
            "description": "Simple PHP library to help developers 🍻 do better on-page SEO optimization",
            "keywords": [
                "PHP7",
                "meta tags",
                "open graph",
                "schema.org",
                "search engine optimization",
                "seo",
                "sitemap index",
                "sitemap.xml",
                "sitemaps",
                "twitter tags"
            ],
            "support": {
                "issues": "https://github.com/melbahja/seo/issues",
                "source": "https://github.com/melbahja/seo/tree/v2.1.1"
            },
            "time": "2022-09-11T11:16:07+00:00"
        }
    ],
    "packages-dev": [],
    "aliases": [],
    "minimum-stability": "stable",
    "stability-flags": {
        "adibenc/mapplic-php": 20
    },
    "prefer-stable": false,
    "prefer-lowest": false,
    "platform": [],
    "platform-dev": [],
    "plugin-api-version": "2.3.0"
}
