{
    "_readme": [
        "This file locks the dependencies of your project to a known state",
        "Read more about it at https://getcomposer.org/doc/01-basic-usage.md#installing-dependencies",
        "This file is @generated automatically"
    ],
    "content-hash": "2ac82140c0104d03b60300b38e194f0f",
    "packages": [
        {
            "name": "melbahja/seo",
            "version": "v2.1.0",
            "source": {
                "type": "git",
                "url": "https://github.com/melbahja/seo.git",
                "reference": "0ef0a7c2b7191a3ec034a3291d76401880e28492"
            },
            "dist": {
                "type": "zip",
                "url": "https://api.github.com/repos/melbahja/seo/zipball/0ef0a7c2b7191a3ec034a3291d76401880e28492",
                "reference": "0ef0a7c2b7191a3ec034a3291d76401880e28492",
                "shasum": ""
            },
            "require": {
                "ext-curl": "*",
                "ext-json": "*",
                "ext-xml": "*",
                "php": ">=7.2"
            },
            "require-dev": {
                "phpunit/phpunit": "^8.5"
            },
            "type": "library",
            "autoload": {
                "psr-4": {
                    "Melbahja\\Seo\\": "src/"
                }
            },
            "notification-url": "https://packagist.org/downloads/",
            "license": [
                "MIT"
            ],
            "authors": [
                {
                    "name": "Mohamed ELbahja",
                    "email": "mohamed@elbahja.me",
                    "homepage": "https://elbahja.me",
                    "role": "Developer"
                }
            ],
            "description": "Simple PHP library to help developers 🍻 do better on-page SEO optimization",
            "keywords": [
                "PHP7",
                "meta tags",
                "open graph",
                "schema.org",
                "search engine optimization",
                "seo",
                "sitemap index",
                "sitemap.xml",
                "sitemaps",
                "twitter tags"
            ],
            "support": {
                "issues": "https://github.com/melbahja/seo/issues",
                "source": "https://github.com/melbahja/seo/tree/v2.1.0"
            },
            "time": "2022-05-31T14:18:06+00:00"
        }
    ],
    "packages-dev": [],
    "aliases": [],
    "minimum-stability": "stable",
    "stability-flags": [],
    "prefer-stable": false,
    "prefer-lowest": false,
    "platform": [],
    "platform-dev": [],
    "plugin-api-version": "2.2.0"
}
